
Microsoft Visual Studio Solution File, Format Version 12.00
# Visual Studio Version 17
VisualStudioVersion = 17.1.32414.318
MinimumVisualStudioVersion = 10.0.40219.1
Project("{FAE04EC0-301F-11D3-BF4B-00C04F79EFBC}") = "try_github", "try_github\try_github.csproj", "{39CB76CB-2903-435E-A95D-811898E04289}"
EndProject
Global
	GlobalSection(SolutionConfigurationPlatforms) = preSolution
		Debug|Any CPU = Debug|Any CPU
		Release|Any CPU = Release|Any CPU
	EndGlobalSection
	GlobalSection(ProjectConfigurationPlatforms) = postSolution
		{39CB76CB-2903-435E-A95D-811898E04289}.Debug|Any CPU.ActiveCfg = Debug|Any CPU
		{39CB76CB-2903-435E-A95D-811898E04289}.Debug|Any CPU.Build.0 = Debug|Any CPU
		{39CB76CB-2903-435E-A95D-811898E04289}.Release|Any CPU.ActiveCfg = Release|Any CPU
		{39CB76CB-2903-435E-A95D-811898E04289}.Release|Any CPU.Build.0 = Release|Any CPU
	EndGlobalSection
	GlobalSection(SolutionProperties) = preSolution
		HideSolutionNode = FALSE
	EndGlobalSection
	GlobalSection(ExtensibilityGlobals) = postSolution
		SolutionGuid = {6EA526F1-C6B8-4285-9C98-648C98ED3CA5}
	EndGlobalSection
EndGlobal
